
Microsoft Visual Studio Solution File, Format Version 12.00
# Visual Studio Version 17
VisualStudioVersion = 17.2.32526.322
MinimumVisualStudioVersion = 10.0.40219.1
Project("{FAE04EC0-301F-11D3-BF4B-00C04F79EFBC}") = "CardGame", "CardGame.csproj", "{D189B44D-B0E5-4A2F-9430-542371D58F17}"
EndProject
Global
	GlobalSection(SolutionConfigurationPlatforms) = preSolution
		Debug|Any CPU = Debug|Any CPU
		Release|Any CPU = Release|Any CPU
	EndGlobalSection
	GlobalSection(ProjectConfigurationPlatforms) = postSolution
		{D189B44D-B0E5-4A2F-9430-542371D58F17}.Debug|Any CPU.ActiveCfg = Debug|Any CPU
		{D189B44D-B0E5-4A2F-9430-542371D58F17}.Debug|Any CPU.Build.0 = Debug|Any CPU
		{D189B44D-B0E5-4A2F-9430-542371D58F17}.Release|Any CPU.ActiveCfg = Release|Any CPU
		{D189B44D-B0E5-4A2F-9430-542371D58F17}.Release|Any CPU.Build.0 = Release|Any CPU
	EndGlobalSection
	GlobalSection(SolutionProperties) = preSolution
		HideSolutionNode = FALSE
	EndGlobalSection
	GlobalSection(ExtensibilityGlobals) = postSolution
		SolutionGuid = {F3D4A55B-74B4-44D4-B2F1-3E1BBE51D2CE}
	EndGlobalSection
EndGlobal
