
Microsoft Visual Studio Solution File, Format Version 12.00
# Visual Studio Version 17
VisualStudioVersion = 17.2.32526.322
MinimumVisualStudioVersion = 10.0.40219.1
Project("{FAE04EC0-301F-11D3-BF4B-00C04F79EFBC}") = "FileStream", "FileStream.csproj", "{687C4D59-C2E4-4835-92CF-35DD1E51C806}"
EndProject
Global
	GlobalSection(SolutionConfigurationPlatforms) = preSolution
		Debug|Any CPU = Debug|Any CPU
		Release|Any CPU = Release|Any CPU
	EndGlobalSection
	GlobalSection(ProjectConfigurationPlatforms) = postSolution
		{687C4D59-C2E4-4835-92CF-35DD1E51C806}.Debug|Any CPU.ActiveCfg = Debug|Any CPU
		{687C4D59-C2E4-4835-92CF-35DD1E51C806}.Debug|Any CPU.Build.0 = Debug|Any CPU
		{687C4D59-C2E4-4835-92CF-35DD1E51C806}.Release|Any CPU.ActiveCfg = Release|Any CPU
		{687C4D59-C2E4-4835-92CF-35DD1E51C806}.Release|Any CPU.Build.0 = Release|Any CPU
	EndGlobalSection
	GlobalSection(SolutionProperties) = preSolution
		HideSolutionNode = FALSE
	EndGlobalSection
	GlobalSection(ExtensibilityGlobals) = postSolution
		SolutionGuid = {EAB78221-DCC4-481C-84E0-07F48D43E2B5}
	EndGlobalSection
EndGlobal
