
Microsoft Visual Studio Solution File, Format Version 12.00
# Visual Studio Version 17
VisualStudioVersion = 17.2.32526.322
MinimumVisualStudioVersion = 10.0.40219.1
Project("{8BC9CEB8-8B4A-11D0-8D11-00A0C91BC942}") = "DLL1", "DLL1.vcxproj", "{F4F78C86-C73D-4459-BE93-BFDA96BC4717}"
EndProject
Global
	GlobalSection(SolutionConfigurationPlatforms) = preSolution
		Debug|x64 = Debug|x64
		Debug|x86 = Debug|x86
		Release|x64 = Release|x64
		Release|x86 = Release|x86
	EndGlobalSection
	GlobalSection(ProjectConfigurationPlatforms) = postSolution
		{F4F78C86-C73D-4459-BE93-BFDA96BC4717}.Debug|x64.ActiveCfg = Debug|x64
		{F4F78C86-C73D-4459-BE93-BFDA96BC4717}.Debug|x64.Build.0 = Debug|x64
		{F4F78C86-C73D-4459-BE93-BFDA96BC4717}.Debug|x86.ActiveCfg = Debug|Win32
		{F4F78C86-C73D-4459-BE93-BFDA96BC4717}.Debug|x86.Build.0 = Debug|Win32
		{F4F78C86-C73D-4459-BE93-BFDA96BC4717}.Release|x64.ActiveCfg = Release|x64
		{F4F78C86-C73D-4459-BE93-BFDA96BC4717}.Release|x64.Build.0 = Release|x64
		{F4F78C86-C73D-4459-BE93-BFDA96BC4717}.Release|x86.ActiveCfg = Release|Win32
		{F4F78C86-C73D-4459-BE93-BFDA96BC4717}.Release|x86.Build.0 = Release|Win32
	EndGlobalSection
	GlobalSection(SolutionProperties) = preSolution
		HideSolutionNode = FALSE
	EndGlobalSection
	GlobalSection(ExtensibilityGlobals) = postSolution
		SolutionGuid = {4D96478D-19B7-40CE-8D66-327A7E1E22E3}
	EndGlobalSection
EndGlobal
