
Microsoft Visual Studio Solution File, Format Version 12.00
# Visual Studio Version 17
VisualStudioVersion = 17.2.32526.322
MinimumVisualStudioVersion = 10.0.40219.1
Project("{FAE04EC0-301F-11D3-BF4B-00C04F79EFBC}") = "StudentGroup", "StudentGroup.csproj", "{DE2AEC5C-6335-415C-A65E-FFB1F05295CF}"
EndProject
Global
	GlobalSection(SolutionConfigurationPlatforms) = preSolution
		Debug|Any CPU = Debug|Any CPU
		Release|Any CPU = Release|Any CPU
	EndGlobalSection
	GlobalSection(ProjectConfigurationPlatforms) = postSolution
		{DE2AEC5C-6335-415C-A65E-FFB1F05295CF}.Debug|Any CPU.ActiveCfg = Debug|Any CPU
		{DE2AEC5C-6335-415C-A65E-FFB1F05295CF}.Debug|Any CPU.Build.0 = Debug|Any CPU
		{DE2AEC5C-6335-415C-A65E-FFB1F05295CF}.Release|Any CPU.ActiveCfg = Release|Any CPU
		{DE2AEC5C-6335-415C-A65E-FFB1F05295CF}.Release|Any CPU.Build.0 = Release|Any CPU
	EndGlobalSection
	GlobalSection(SolutionProperties) = preSolution
		HideSolutionNode = FALSE
	EndGlobalSection
	GlobalSection(ExtensibilityGlobals) = postSolution
		SolutionGuid = {3325ABD4-C433-435A-A890-933713E1190B}
	EndGlobalSection
EndGlobal
