
Microsoft Visual Studio Solution File, Format Version 12.00
# Visual Studio Version 17
VisualStudioVersion = 17.2.32526.322
MinimumVisualStudioVersion = 10.0.40219.1
Project("{FAE04EC0-301F-11D3-BF4B-00C04F79EFBC}") = "Serializations", "Serializations.csproj", "{42257ABC-A26C-4FF3-B3DC-5823D223398B}"
EndProject
Global
	GlobalSection(SolutionConfigurationPlatforms) = preSolution
		Debug|Any CPU = Debug|Any CPU
		Release|Any CPU = Release|Any CPU
	EndGlobalSection
	GlobalSection(ProjectConfigurationPlatforms) = postSolution
		{42257ABC-A26C-4FF3-B3DC-5823D223398B}.Debug|Any CPU.ActiveCfg = Debug|Any CPU
		{42257ABC-A26C-4FF3-B3DC-5823D223398B}.Debug|Any CPU.Build.0 = Debug|Any CPU
		{42257ABC-A26C-4FF3-B3DC-5823D223398B}.Release|Any CPU.ActiveCfg = Release|Any CPU
		{42257ABC-A26C-4FF3-B3DC-5823D223398B}.Release|Any CPU.Build.0 = Release|Any CPU
	EndGlobalSection
	GlobalSection(SolutionProperties) = preSolution
		HideSolutionNode = FALSE
	EndGlobalSection
	GlobalSection(ExtensibilityGlobals) = postSolution
		SolutionGuid = {EB41B5BB-1911-473A-BF98-1B60B5EA9F49}
	EndGlobalSection
EndGlobal
