
Microsoft Visual Studio Solution File, Format Version 12.00
# Visual Studio Version 17
VisualStudioVersion = 17.2.32526.322
MinimumVisualStudioVersion = 10.0.40219.1
Project("{FAE04EC0-301F-11D3-BF4B-00C04F79EFBC}") = "Menu", "Menu.csproj", "{F993D80A-1C99-4D10-90B0-B0EB618551AC}"
EndProject
Global
	GlobalSection(SolutionConfigurationPlatforms) = preSolution
		Debug|Any CPU = Debug|Any CPU
		Release|Any CPU = Release|Any CPU
	EndGlobalSection
	GlobalSection(ProjectConfigurationPlatforms) = postSolution
		{F993D80A-1C99-4D10-90B0-B0EB618551AC}.Debug|Any CPU.ActiveCfg = Debug|Any CPU
		{F993D80A-1C99-4D10-90B0-B0EB618551AC}.Debug|Any CPU.Build.0 = Debug|Any CPU
		{F993D80A-1C99-4D10-90B0-B0EB618551AC}.Release|Any CPU.ActiveCfg = Release|Any CPU
		{F993D80A-1C99-4D10-90B0-B0EB618551AC}.Release|Any CPU.Build.0 = Release|Any CPU
	EndGlobalSection
	GlobalSection(SolutionProperties) = preSolution
		HideSolutionNode = FALSE
	EndGlobalSection
	GlobalSection(ExtensibilityGlobals) = postSolution
		SolutionGuid = {683C303F-B124-4500-9E20-C4CBFB71A10F}
	EndGlobalSection
EndGlobal
